
Microsoft Visual Studio Solution File, Format Version 12.00
# Visual Studio Version 17
VisualStudioVersion = 17.4.33205.214
MinimumVisualStudioVersion = 10.0.40219.1
Project("{FAE04EC0-301F-11D3-BF4B-00C04F79EFBC}") = "DT191G_moment4_api", "DT191G_moment4_api\DT191G_moment4_api.csproj", "{4E3418F6-5F07-40F3-9244-3D329F3D001D}"
EndProject
Global
	GlobalSection(SolutionConfigurationPlatforms) = preSolution
		Debug|Any CPU = Debug|Any CPU
		Release|Any CPU = Release|Any CPU
	EndGlobalSection
	GlobalSection(ProjectConfigurationPlatforms) = postSolution
		{4E3418F6-5F07-40F3-9244-3D329F3D001D}.Debug|Any CPU.ActiveCfg = Debug|Any CPU
		{4E3418F6-5F07-40F3-9244-3D329F3D001D}.Debug|Any CPU.Build.0 = Debug|Any CPU
		{4E3418F6-5F07-40F3-9244-3D329F3D001D}.Release|Any CPU.ActiveCfg = Release|Any CPU
		{4E3418F6-5F07-40F3-9244-3D329F3D001D}.Release|Any CPU.Build.0 = Release|Any CPU
	EndGlobalSection
	GlobalSection(SolutionProperties) = preSolution
		HideSolutionNode = FALSE
	EndGlobalSection
	GlobalSection(ExtensibilityGlobals) = postSolution
		SolutionGuid = {D90ACFFD-670A-46C4-B508-C2E038DFF225}
	EndGlobalSection
EndGlobal
